
Microsoft Visual Studio Solution File, Format Version 12.00
# Visual Studio Version 17
VisualStudioVersion = 17.9.34902.65
MinimumVisualStudioVersion = 10.0.40219.1
Project("{FAE04EC0-301F-11D3-BF4B-00C04F79EFBC}") = "FinanceControlSystem", "FinanceControlSystem.csproj", "{114C9625-1A10-4CDF-B2DF-AF0B4F42C095}"
EndProject
Project("{FAE04EC0-301F-11D3-BF4B-00C04F79EFBC}") = "Application", "..\Application\Application.csproj", "{0BA476D6-3804-4C3A-BDC3-A63E6DD3EAAF}"
EndProject
Project("{FAE04EC0-301F-11D3-BF4B-00C04F79EFBC}") = "Domain", "..\Domain\Domain.csproj", "{F8445948-51CD-498B-A74F-34C96B52A93D}"
EndProject
Project("{FAE04EC0-301F-11D3-BF4B-00C04F79EFBC}") = "Infrastructure", "..\Infrastructure\Infrastructure.csproj", "{C9D7077E-3F8A-47E2-9711-CB79A4B7959B}"
EndProject
Project("{FAE04EC0-301F-11D3-BF4B-00C04F79EFBC}") = "Presentation", "..\Presentation\Presentation.csproj", "{24A38A85-4BE9-4D46-B52C-88455237646E}"
EndProject
Global
	GlobalSection(SolutionConfigurationPlatforms) = preSolution
		Debug|Any CPU = Debug|Any CPU
		Release|Any CPU = Release|Any CPU
	EndGlobalSection
	GlobalSection(ProjectConfigurationPlatforms) = postSolution
		{114C9625-1A10-4CDF-B2DF-AF0B4F42C095}.Debug|Any CPU.ActiveCfg = Debug|Any CPU
		{114C9625-1A10-4CDF-B2DF-AF0B4F42C095}.Debug|Any CPU.Build.0 = Debug|Any CPU
		{114C9625-1A10-4CDF-B2DF-AF0B4F42C095}.Release|Any CPU.ActiveCfg = Release|Any CPU
		{114C9625-1A10-4CDF-B2DF-AF0B4F42C095}.Release|Any CPU.Build.0 = Release|Any CPU
		{0BA476D6-3804-4C3A-BDC3-A63E6DD3EAAF}.Debug|Any CPU.ActiveCfg = Debug|Any CPU
		{0BA476D6-3804-4C3A-BDC3-A63E6DD3EAAF}.Debug|Any CPU.Build.0 = Debug|Any CPU
		{0BA476D6-3804-4C3A-BDC3-A63E6DD3EAAF}.Release|Any CPU.ActiveCfg = Release|Any CPU
		{0BA476D6-3804-4C3A-BDC3-A63E6DD3EAAF}.Release|Any CPU.Build.0 = Release|Any CPU
		{F8445948-51CD-498B-A74F-34C96B52A93D}.Debug|Any CPU.ActiveCfg = Debug|Any CPU
		{F8445948-51CD-498B-A74F-34C96B52A93D}.Debug|Any CPU.Build.0 = Debug|Any CPU
		{F8445948-51CD-498B-A74F-34C96B52A93D}.Release|Any CPU.ActiveCfg = Release|Any CPU
		{F8445948-51CD-498B-A74F-34C96B52A93D}.Release|Any CPU.Build.0 = Release|Any CPU
		{C9D7077E-3F8A-47E2-9711-CB79A4B7959B}.Debug|Any CPU.ActiveCfg = Debug|Any CPU
		{C9D7077E-3F8A-47E2-9711-CB79A4B7959B}.Debug|Any CPU.Build.0 = Debug|Any CPU
		{C9D7077E-3F8A-47E2-9711-CB79A4B7959B}.Release|Any CPU.ActiveCfg = Release|Any CPU
		{C9D7077E-3F8A-47E2-9711-CB79A4B7959B}.Release|Any CPU.Build.0 = Release|Any CPU
		{24A38A85-4BE9-4D46-B52C-88455237646E}.Debug|Any CPU.ActiveCfg = Debug|Any CPU
		{24A38A85-4BE9-4D46-B52C-88455237646E}.Debug|Any CPU.Build.0 = Debug|Any CPU
		{24A38A85-4BE9-4D46-B52C-88455237646E}.Release|Any CPU.ActiveCfg = Release|Any CPU
		{24A38A85-4BE9-4D46-B52C-88455237646E}.Release|Any CPU.Build.0 = Release|Any CPU
	EndGlobalSection
	GlobalSection(SolutionProperties) = preSolution
		HideSolutionNode = FALSE
	EndGlobalSection
	GlobalSection(ExtensibilityGlobals) = postSolution
		SolutionGuid = {80798906-7044-4157-A1D9-0C807674A76D}
	EndGlobalSection
EndGlobal
